PODS:
  - DDCometClient (1.0.1)
  - Expecta (0.3.1)
  - FXReachability (1.3)
  - OCMock (3.1.1)
  - OHHTTPStubs (3.1.6):
    - OHHTTPStubs/Core (= 3.1.6)
  - OHHTTPStubs/Core (3.1.6)

DEPENDENCIES:
  - DDCometClient (~> 1.0)
  - Expecta
  - FXReachability (~> 1.3)
  - OCMock
  - OHHTTPStubs

SPEC CHECKSUMS:
  DDCometClient: d0c81b6bf58c74b29114440b94ef7027f450f055
  Expecta: a354d4633409dd9fe8c4f5ff5130426adbe31628
  FXReachability: fc1ea418e5db48cc3e0dd7748f7baf80b144f50f
  OCMock: a73f69963a8a542b0b343e2617650e4dca0cbbc2
  OHHTTPStubs: b671969016b4c6f5ee3c26080c81114ba82e0710

COCOAPODS: 0.36.0
